{
    "_meta": {
        "hash": {
            "sha256": "94ab2e5ff6959f626254f35a09452cb016f423f1f3ba8ec89a4a337d1b1d11d2"
        },
        "pipfile-spec": 6,
        "requires": {
            "python_version": "3.7"
        },
        "sources": [
            {
                "name": "pypi",
                "url": "https://pypi.org/simple",
                "verify_ssl": true
            }
        ]
    },
    "default": {
        "appdirs": {
            "hashes": [
                "sha256:9e5896d1372858f8dd3344faf4e5014d21849c756c8d5701f78f8a103b372d92",
                "sha256:d8b24664561d0d34ddfaec54636d502d7cea6e29c3eaf68f3df6180863e2166e"
            ],
            "version": "==1.4.3"
        },
        "beautifulsoup4": {
            "hashes": [
                "sha256:05668158c7b85b791c5abde53e50265e16f98ad601c402ba44d70f96c4159612",
                "sha256:25288c9e176f354bf277c0a10aa96c782a6a18a17122dba2e8cec4a97e03343b",
                "sha256:f040590be10520f2ea4c2ae8c3dae441c7cfff5308ec9d58a0ec0c1b8f81d469"
            ],
            "version": "==4.8.0"
        },
        "bs4": {
            "hashes": [
                "sha256:36ecea1fd7cc5c0c6e4a1ff075df26d50da647b75376626cc186e2212886dd3a"
            ],
            "index": "pypi",
            "version": "==0.0.1"
        },
        "certifi": {
            "hashes": [
                "sha256:046832c04d4e752f37383b628bc601a7ea7211496b4638f6514d0e5b9acc4939",
                "sha256:945e3ba63a0b9f577b1395204e13c3a231f9bc0223888be653286534e5873695"
            ],
            "version": "==2019.6.16"
        },
        "chardet": {
            "hashes": [
                "sha256:84ab92ed1c4d4f16916e05906b6b75a6c0fb5db821cc65e70cbd64a3e2a5eaae",
                "sha256:fc323ffcaeaed0e0a02bf4d117757b98aed530d9ed4531e3e15460124c106691"
            ],
            "version": "==3.0.4"
        },
        "cssselect": {
            "hashes": [
                "sha256:f612ee47b749c877ebae5bb77035d8f4202c6ad0f0fc1271b3c18ad6c4468ecf",
                "sha256:f95f8dedd925fd8f54edb3d2dfb44c190d9d18512377d3c1e2388d16126879bc"
            ],
            "version": "==1.1.0"
        },
        "fake-useragent": {
            "hashes": [
                "sha256:c104998b750eb097eefc28ae28e92d66397598d2cf41a31aa45d5559ef1adf35"
            ],
            "version": "==0.1.11"
        },
        "idna": {
            "hashes": [
                "sha256:c357b3f628cf53ae2c4c05627ecc484553142ca23264e593d327bcde5e9c3407",
                "sha256:ea8b7f6188e6fa117537c3df7da9fc686d485087abf6ac197f9c46432f7e4a3c"
            ],
            "version": "==2.8"
        },
        "lxml": {
            "hashes": [
                "sha256:06e5599b9c54f797a3c0f384c67705a0d621031007aa2400a6c7d17300fdb995",
                "sha256:092237cfe4ece074401b75001a2e525fa6e1fb9d40fee8b7b132b1947d3bd2f8",
                "sha256:0b6d49d0a26fe8207df8dd27c40b75be4deb2277173903aa76ec3e82df77cbe7",
                "sha256:0f77061c20b4f32b1cf39e8f661c74e966344084c996e7b23c3a94e472461df0",
                "sha256:0fef86edfa2f146b4b0ae2c6c05c3e4a8f3388b3655eafbc4aab3247f4dabb24",
                "sha256:2f163c8844db4ed06a230ef092e2461ad01830972a896b8f3cf8b5bac70ae85d",
                "sha256:350333190052bbfbc3222b1805b59b7979d7276e57af2257367e15a2db27082d",
                "sha256:3b57dc5ed7b6a7d852c961f2389ca99404c2b59fd2088baec6fbaca02f688be4",
                "sha256:3e86e5df4a8edd6f725f3c76f1d45e046d4f3aa40478092e4f5f373ad1f526e2",
                "sha256:43dac60d10341d3e56be089cd0798b70e70d45ce32279f4c3190d8cbd71350e4",
                "sha256:4665ee84ac8ba11d58f1ed517e29ea8536b4ae4e0c6fb6c7d3dce70abcd279f0",
                "sha256:5033cf606a7cb559db967689b1b2e743994000f783607ba4c484e90917395ad7",
                "sha256:75d731af05bf40f808d7716e0d26b4b02913402f861c032ce8c36efca350ae72",
                "sha256:7720174604c7647e357566ac9e4d135c137caed5e7b01223551a4c81c8dc8b9a",
                "sha256:b33ec641309bcea40c76c1b105f988e4e8f9a2f1ee1486aa5c0eeef33956c9bb",
                "sha256:d1135dc0ac197242028ede085b693ba1f2bff7f0f9b91080e2540348312bfa53",
                "sha256:d5a61e9c2322b45f259909a02b76bc98c4641214e22a37191d00c151aa9cdb9a",
                "sha256:da22c4b17bc17dad9c8faf6d94c8fe568ac71c867a56631ab874da418fc7f8f7",
                "sha256:da5c48ec9f8d8b5df42d328b6d1fb8d9413cd664a2367ef4f6f7cc48ee5b82c0",
                "sha256:db2794bad21b7b30b6849b4e1537171cae8a7087711d958d69c233470dc612e7",
                "sha256:f1c2f67df727034f94ccb590142d1d110f3dd38f638a4f1567fdd9f39892ba05",
                "sha256:f840dddded8b046edc774c88ed8d2442cdb231a68894c42c74e3a809450fae76"
            ],
            "version": "==4.4.0"
        },
        "parse": {
            "hashes": [
                "sha256:1b68657434d371e5156048ca4a0c5aea5afc6ca59a2fea4dd1a575354f617142"
            ],
            "version": "==1.12.0"
        },
        "pyee": {
            "hashes": [
                "sha256:a9c9b60e8693a260dd942ef5a71358cfcbba15792d5e72caf0e3c891c4e91c3b",
                "sha256:dbe44f61c40a995d2bdfd83d9fcb87ae025882d2c7f366513325e3daa09d7ede"
            ],
            "version": "==6.0.0"
        },
        "pyppeteer": {
            "hashes": [
                "sha256:51fe769b722a1718043b74d12c20420f29e0dd9eeea2b66652b7f93a9ad465dd"
            ],
            "version": "==0.0.25"
        },
        "pyquery": {
            "hashes": [
                "sha256:07987c2ed2aed5cba29ff18af95e56e9eb04a2249f42ce47bddfb37f487229a3",
                "sha256:4771db76bd14352eba006463656aef990a0147a0eeaf094725097acfa90442bf"
            ],
            "version": "==1.4.0"
        },
        "requests": {
            "hashes": [
                "sha256:11e007a8a2aa0323f5a921e9e6a2d7e4e67d9877e85773fba9ba6419025cbeb4",
                "sha256:9cf5292fcd0f598c671cfc1e0d7d1a7f13bb8085e9a590f48c010551dc6c4b31"
            ],
            "version": "==2.22.0"
        },
        "requests-html": {
            "hashes": [
                "sha256:7e929ecfed95fb1d0994bb368295d6d7c4d06b03fcb900c33d7d0b17e6003947",
                "sha256:cb8a78cf829c4eca9d6233f28524f65dd2bfaafb4bdbbc407f0a0b8f487df6e2"
            ],
            "index": "pypi",
            "version": "==0.10.0"
        },
        "six": {
            "hashes": [
                "sha256:3350809f0555b11f552448330d0b52d5f24c91a322ea4a15ef22629740f3761c",
                "sha256:d16a0141ec1a18405cd4ce8b4613101da75da0e9a7aec5bdd4fa804d0e0eba73"
            ],
            "version": "==1.12.0"
        },
        "soupsieve": {
            "hashes": [
                "sha256:72b5f1aea9101cf720a36bb2327ede866fd6f1a07b1e87c92a1cc18113cbc946",
                "sha256:e4e9c053d59795e440163733a7fec6c5972210e1790c507e4c7b051d6c5259de"
            ],
            "version": "==1.9.2"
        },
        "tqdm": {
            "hashes": [
                "sha256:1dc82f87a8726602fa7177a091b5e8691d6523138a8f7acd08e58088f51e389f",
                "sha256:47220a4f2aeebbc74b0ab317584264ea44c745e1fd5ff316b675cd0aff8afad8"
            ],
            "version": "==4.33.0"
        },
        "urllib3": {
            "hashes": [
                "sha256:b246607a25ac80bedac05c6f282e3cdaf3afb65420fd024ac94435cabe6e18d1",
                "sha256:dbe59173209418ae49d485b87d1681aefa36252ee85884c31346debd19463232"
            ],
            "version": "==1.25.3"
        },
        "w3lib": {
            "hashes": [
                "sha256:847704b837b2b973cddef6938325d466628e6078266bc2e1f7ac49ba85c34823",
                "sha256:8b1854fef570b5a5fc84d960e025debd110485d73fd283580376104762774315"
            ],
            "version": "==1.21.0"
        },
        "websockets": {
            "hashes": [
                "sha256:049e694abe33f8a1d99969fee7bfc0ae6761f7fd5f297c58ea933b27dd6805f2",
                "sha256:73ce69217e4655783ec72ce11c151053fcbd5b837cc39de7999e19605182e28a",
                "sha256:83e63aa73331b9ca21af61df8f115fb5fbcba3f281bee650a4ad16a40cd1ef15",
                "sha256:882a7266fa867a2ebb2c0baaa0f9159cabf131cf18c1b4270d79ad42f9208dc5",
                "sha256:8c77f7d182a6ea2a9d09c2612059f3ad859a90243e899617137ee3f6b7f2b584",
                "sha256:8d7a20a2f97f1e98c765651d9fb9437201a9ccc2c70e94b0270f1c5ef29667a3",
                "sha256:a7affaeffbc5d55681934c16bb6b8fc82bb75b175e7fd4dcca798c938bde8dda",
                "sha256:c82e286555f839846ef4f0fdd6910769a577952e1e26aa8ee7a6f45f040e3c2b",
                "sha256:e906128532a14b9d264a43eb48f9b3080d53a9bda819ab45bf56b8039dc606ac",
                "sha256:e9102043a81cdc8b7c8032ff4bce39f6229e4ac39cb2010946c912eeb84e2cb6",
                "sha256:f5cb2683367e32da6a256b60929a3af9c29c212b5091cf5bace9358d03011bf5"
            ],
            "version": "==8.0.2"
        }
    },
    "develop": {
        "autopep8": {
            "hashes": [
                "sha256:4d8eec30cc81bc5617dbf1218201d770dc35629363547f17577c61683ccfb3ee"
            ],
            "index": "pypi",
            "version": "==1.4.4"
        },
        "pep8": {
            "hashes": [
                "sha256:b22cfae5db09833bb9bd7c8463b53e1a9c9b39f12e304a8d0bba729c501827ee",
                "sha256:fe249b52e20498e59e0b5c5256aa52ee99fc295b26ec9eaa85776ffdb9fe6374"
            ],
            "index": "pypi",
            "version": "==1.7.1"
        },
        "pycodestyle": {
            "hashes": [
                "sha256:95a2219d12372f05704562a14ec30bc76b05a5b297b21a5dfe3f6fac3491ae56",
                "sha256:e40a936c9a450ad81df37f549d676d127b1b66000a6c500caa2b085bc0ca976c"
            ],
            "version": "==2.5.0"
        }
    }
}
